{
  "object": {
    "pins": [
      {
        "package": "SwiftyToolz",
        "repositoryURL": "https://github.com/flowtoolz/SwiftyToolz.git",
        "state": {
          "branch": "master",
          "revision": "fea24d506ed7b12c53a1a1216380c766db19e8c1",
          "version": null
        }
      }
    ]
  },
  "version": 1
}
